<?xml version="1.0" encoding="UTF-8" standalone="yes" ?>
<CodeBlocks_project_file>
	<FileVersion major="1" minor="6" />
	<Project>
		<Option title="lbsp" />
		<Option pch_mode="2" />
		<Option compiler="gcc" />
		<Build>
			<Target title="Debug">
				<Option output="bin/Debug/lbsp" prefix_auto="1" extension_auto="1" />
				<Option object_output="obj/Debug/" />
				<Option type="1" />
				<Option compiler="gcc" />
				<Compiler>
					<Add option="-g" />
				</Compiler>
			</Target>
			<Target title="Release">
				<Option output="bin/Release/lbsp" prefix_auto="1" extension_auto="1" />
				<Option object_output="obj/Release/" />
				<Option type="1" />
				<Option compiler="gcc" />
				<Compiler>
					<Add option="-O2" />
				</Compiler>
				<Linker>
					<Add option="-s" />
				</Linker>
			</Target>
		</Build>
		<Compiler>
			<Add option="-std=c++11" />
			<Add option="-Wall" />
			<Add option="-fexceptions" />
			<Add directory="G:/opencv/build/include" />
		</Compiler>
		<Linker>
			<Add option="-static-libstdc++" />
			<Add option="-static-libgcc" />
			<Add library="opencv_core243.dll" />
			<Add library="opencv_video243.dll" />
			<Add library="opencv_features2d243.dll" />
			<Add library="opencv_highgui243.dll" />
			<Add library="opencv_imgproc243.dll" />
			<Add library="opencv_objdetect243.dll" />
			<Add library="opencv_contrib243.dll" />
			<Add library="opencv_nonfree243.dll" />
			<Add directory="G:/opencv/build_mingw64/lib" />
		</Linker>
		<Unit filename="BackgroundSubtractorPAWCS.cpp" />
		<Unit filename="BackgroundSubtractorPAWCS.h" />
		<Unit filename="BackgroundSubtractorLBSP.cpp" />
		<Unit filename="BackgroundSubtractorLBSP.h" />
		<Unit filename="BackgroundSubtractorPBAS.cpp" />
		<Unit filename="BackgroundSubtractorPBAS.h" />
		<Unit filename="BackgroundSubtractorPBASLBSP.cpp" />
		<Unit filename="BackgroundSubtractorPBASLBSP.h" />
		<Unit filename="BackgroundSubtractorPBAS_1ch.cpp" />
		<Unit filename="BackgroundSubtractorPBAS_1ch.h" />
		<Unit filename="BackgroundSubtractorPBAS_3ch.cpp" />
		<Unit filename="BackgroundSubtractorPBAS_3ch.h" />
		<Unit filename="BackgroundSubtractorViBe.cpp" />
		<Unit filename="BackgroundSubtractorViBe.h" />
		<Unit filename="BackgroundSubtractorLOBSTER.cpp" />
		<Unit filename="BackgroundSubtractorLOBSTER.h" />
		<Unit filename="BackgroundSubtractorViBe_1ch.cpp" />
		<Unit filename="BackgroundSubtractorViBe_1ch.h" />
		<Unit filename="BackgroundSubtractorViBe_3ch.cpp" />
		<Unit filename="BackgroundSubtractorViBe_3ch.h" />
		<Unit filename="DatasetUtils.cpp" />
		<Unit filename="DatasetUtils.h" />
		<Unit filename="DistanceUtils.h" />
		<Unit filename="LBSP.cpp" />
		<Unit filename="LBSP.h" />
		<Unit filename="LBSP_16bits_dbcross_1ch_abs.i" />
		<Unit filename="LBSP_16bits_dbcross_1ch_rel.i" />
		<Unit filename="LBSP_16bits_dbcross_3ch_abs.i" />
		<Unit filename="LBSP_16bits_dbcross_3ch_rel.i" />
		<Unit filename="PlatformUtils.cpp" />
		<Unit filename="PlatformUtils.h" />
		<Unit filename="RandUtils.h" />
		<Unit filename="main.cpp" />
		<Extensions>
			<code_completion />
			<envvars />
			<debugger />
			<lib_finder disable_auto="1" />
			<DoxyBlocks>
				<comment_style block="0" line="0" />
				<doxyfile_project />
				<doxyfile_build />
				<doxyfile_warnings />
				<doxyfile_output />
				<doxyfile_dot />
				<general />
			</DoxyBlocks>
		</Extensions>
	</Project>
</CodeBlocks_project_file>
